{
  "version": 4,
  "terraform_version": "1.14.5",
  "serial": 1,
  "lineage": "b12abf15-6471-46e6-7388-13c5701ac23b",
  "outputs": {},
  "resources": [
    {
      "mode": "managed",
      "type": "aws_s3_bucket",
      "name": "first_bucket",
      "provider": "provider[\"registry.terraform.io/hashicorp/aws\"]",
      "instances": [
        {
          "status": "tainted",
          "schema_version": 0,
          "attributes": {
            "acceleration_status": null,
            "acl": null,
            "arn": null,
            "bucket": "saad-kodekloud-terraform-bucket",
            "bucket_domain_name": null,
            "bucket_prefix": null,
            "bucket_region": null,
            "bucket_regional_domain_name": null,
            "cors_rule": null,
            "force_destroy": false,
            "grant": [],
            "hosted_zone_id": null,
            "id": "saad-kodekloud-terraform-bucket",
            "lifecycle_rule": null,
            "logging": null,
            "object_lock_configuration": null,
            "object_lock_enabled": null,
            "policy": null,
            "region": "us-east-1",
            "replication_configuration": null,
            "request_payer": null,
            "server_side_encryption_configuration": null,
            "tags": {
              "Environment": "Dev",
              "Name": "My bucket"
            },
            "tags_all": {
              "Environment": "Dev",
              "Name": "My bucket"
            },
            "timeouts": null,
            "versioning": null,
            "website": null,
            "website_domain": null,
            "website_endpoint": null
          },
          "sensitive_attributes": [],
          "identity_schema_version": 0,
          "private": "eyJlMmJmYjczMC1lY2FhLTExZTYtOGY4OC0zNDM2M2JjN2M0YzAiOnsiY3JlYXRlIjoxMjAwMDAwMDAwMDAwLCJkZWxldGUiOjM2MDAwMDAwMDAwMDAsInJlYWQiOjEyMDAwMDAwMDAwMDAsInVwZGF0ZSI6MTIwMDAwMDAwMDAwMH19"
        }
      ]
    }
  ],
  "check_results": null
}
